
Microsoft Visual Studio Solution File, Format Version 12.00
# Visual Studio 15
VisualStudioVersion = 15.0.27428.2043
MinimumVisualStudioVersion = 10.0.40219.1
Project("{FAE04EC0-301F-11D3-BF4B-00C04F79EFBC}") = "RSDKv2", "RSDKv2\RSDKv2.csproj", "{B41A3858-7E66-4755-9F50-94EA021155B6}"
EndProject
Project("{FAE04EC0-301F-11D3-BF4B-00C04F79EFBC}") = "RSDKvB", "RSDKvB\RSDKvB.csproj", "{1A58BA31-C9E1-4D18-876E-EC73799E7A9F}"
EndProject
Project("{FAE04EC0-301F-11D3-BF4B-00C04F79EFBC}") = "RSDKv5", "RSDKv5\RSDKv5.csproj", "{CF5496F8-002B-408F-9B3D-67C88F610283}"
EndProject
Project("{FAE04EC0-301F-11D3-BF4B-00C04F79EFBC}") = "RSDKvRS", "RSDKvRS\RSDKvRS.csproj", "{AAE1BACD-FE6B-4CC6-AD2D-073315F45EAF}"
EndProject
Project("{FAE04EC0-301F-11D3-BF4B-00C04F79EFBC}") = "RSDKv1", "RSDKv1\RSDKv1.csproj", "{E089DB56-F8D4-434E-A9A8-C7EFCC3278D8}"
EndProject
Project("{FAE04EC0-301F-11D3-BF4B-00C04F79EFBC}") = "Test", "Test\Test.csproj", "{DC86F30F-C2FC-4E23-9B33-68C6A150C2C6}"
EndProject
Project("{FAE04EC0-301F-11D3-BF4B-00C04F79EFBC}") = "RSDKrU", "RSDKrU\RSDKrU.csproj", "{2BA290F0-4E82-4B58-AAB4-3C431EE4DE62}"
EndProject
Global
	GlobalSection(SolutionConfigurationPlatforms) = preSolution
		Debug(x64)|Any CPU = Debug(x64)|Any CPU
		Debug(x64)|x64 = Debug(x64)|x64
		Debug(x64)|x86 = Debug(x64)|x86
		Debug|Any CPU = Debug|Any CPU
		Debug|x64 = Debug|x64
		Debug|x86 = Debug|x86
		Release|Any CPU = Release|Any CPU
		Release|x64 = Release|x64
		Release|x86 = Release|x86
		Signed|Any CPU = Signed|Any CPU
		Signed|x64 = Signed|x64
		Signed|x86 = Signed|x86
		x64 Debug|Any CPU = x64 Debug|Any CPU
		x64 Debug|x64 = x64 Debug|x64
		x64 Debug|x86 = x64 Debug|x86
		x64 Release|Any CPU = x64 Release|Any CPU
		x64 Release|x64 = x64 Release|x64
		x64 Release|x86 = x64 Release|x86
		x86 Debug|Any CPU = x86 Debug|Any CPU
		x86 Debug|x64 = x86 Debug|x64
		x86 Debug|x86 = x86 Debug|x86
		x86 Release|Any CPU = x86 Release|Any CPU
		x86 Release|x64 = x86 Release|x64
		x86 Release|x86 = x86 Release|x86
	EndGlobalSection
	GlobalSection(ProjectConfigurationPlatforms) = postSolution
		{B41A3858-7E66-4755-9F50-94EA021155B6}.Debug(x64)|Any CPU.ActiveCfg = Debug|Any CPU
		{B41A3858-7E66-4755-9F50-94EA021155B6}.Debug(x64)|Any CPU.Build.0 = Debug|Any CPU
		{B41A3858-7E66-4755-9F50-94EA021155B6}.Debug(x64)|x64.ActiveCfg = Debug|Any CPU
		{B41A3858-7E66-4755-9F50-94EA021155B6}.Debug(x64)|x64.Build.0 = Debug|Any CPU
		{B41A3858-7E66-4755-9F50-94EA021155B6}.Debug(x64)|x86.ActiveCfg = Debug|Any CPU
		{B41A3858-7E66-4755-9F50-94EA021155B6}.Debug(x64)|x86.Build.0 = Debug|Any CPU
		{B41A3858-7E66-4755-9F50-94EA021155B6}.Debug|Any CPU.ActiveCfg = Debug|Any CPU
		{B41A3858-7E66-4755-9F50-94EA021155B6}.Debug|Any CPU.Build.0 = Debug|Any CPU
		{B41A3858-7E66-4755-9F50-94EA021155B6}.Debug|x64.ActiveCfg = Debug|Any CPU
		{B41A3858-7E66-4755-9F50-94EA021155B6}.Debug|x64.Build.0 = Debug|Any CPU
		{B41A3858-7E66-4755-9F50-94EA021155B6}.Debug|x86.ActiveCfg = Debug|Any CPU
		{B41A3858-7E66-4755-9F50-94EA021155B6}.Debug|x86.Build.0 = Debug|Any CPU
		{B41A3858-7E66-4755-9F50-94EA021155B6}.Release|Any CPU.ActiveCfg = Release|Any CPU
		{B41A3858-7E66-4755-9F50-94EA021155B6}.Release|Any CPU.Build.0 = Release|Any CPU
		{B41A3858-7E66-4755-9F50-94EA021155B6}.Release|x64.ActiveCfg = Release|Any CPU
		{B41A3858-7E66-4755-9F50-94EA021155B6}.Release|x64.Build.0 = Release|Any CPU
		{B41A3858-7E66-4755-9F50-94EA021155B6}.Release|x86.ActiveCfg = Release|Any CPU
		{B41A3858-7E66-4755-9F50-94EA021155B6}.Release|x86.Build.0 = Release|Any CPU
		{B41A3858-7E66-4755-9F50-94EA021155B6}.Signed|Any CPU.ActiveCfg = Release|Any CPU
		{B41A3858-7E66-4755-9F50-94EA021155B6}.Signed|Any CPU.Build.0 = Release|Any CPU
		{B41A3858-7E66-4755-9F50-94EA021155B6}.Signed|x64.ActiveCfg = Release|Any CPU
		{B41A3858-7E66-4755-9F50-94EA021155B6}.Signed|x64.Build.0 = Release|Any CPU
		{B41A3858-7E66-4755-9F50-94EA021155B6}.Signed|x86.ActiveCfg = Release|Any CPU
		{B41A3858-7E66-4755-9F50-94EA021155B6}.Signed|x86.Build.0 = Release|Any CPU
		{B41A3858-7E66-4755-9F50-94EA021155B6}.x64 Debug|Any CPU.ActiveCfg = Debug|Any CPU
		{B41A3858-7E66-4755-9F50-94EA021155B6}.x64 Debug|Any CPU.Build.0 = Debug|Any CPU
		{B41A3858-7E66-4755-9F50-94EA021155B6}.x64 Debug|x64.ActiveCfg = Debug|Any CPU
		{B41A3858-7E66-4755-9F50-94EA021155B6}.x64 Debug|x64.Build.0 = Debug|Any CPU
		{B41A3858-7E66-4755-9F50-94EA021155B6}.x64 Debug|x86.ActiveCfg = Debug|Any CPU
		{B41A3858-7E66-4755-9F50-94EA021155B6}.x64 Debug|x86.Build.0 = Debug|Any CPU
		{B41A3858-7E66-4755-9F50-94EA021155B6}.x64 Release|Any CPU.ActiveCfg = Release|Any CPU
		{B41A3858-7E66-4755-9F50-94EA021155B6}.x64 Release|Any CPU.Build.0 = Release|Any CPU
		{B41A3858-7E66-4755-9F50-94EA021155B6}.x64 Release|x64.ActiveCfg = Release|Any CPU
		{B41A3858-7E66-4755-9F50-94EA021155B6}.x64 Release|x64.Build.0 = Release|Any CPU
		{B41A3858-7E66-4755-9F50-94EA021155B6}.x64 Release|x86.ActiveCfg = Release|Any CPU
		{B41A3858-7E66-4755-9F50-94EA021155B6}.x64 Release|x86.Build.0 = Release|Any CPU
		{B41A3858-7E66-4755-9F50-94EA021155B6}.x86 Debug|Any CPU.ActiveCfg = Debug|Any CPU
		{B41A3858-7E66-4755-9F50-94EA021155B6}.x86 Debug|Any CPU.Build.0 = Debug|Any CPU
		{B41A3858-7E66-4755-9F50-94EA021155B6}.x86 Debug|x64.ActiveCfg = Debug|Any CPU
		{B41A3858-7E66-4755-9F50-94EA021155B6}.x86 Debug|x64.Build.0 = Debug|Any CPU
		{B41A3858-7E66-4755-9F50-94EA021155B6}.x86 Debug|x86.ActiveCfg = Debug|Any CPU
		{B41A3858-7E66-4755-9F50-94EA021155B6}.x86 Debug|x86.Build.0 = Debug|Any CPU
		{B41A3858-7E66-4755-9F50-94EA021155B6}.x86 Release|Any CPU.ActiveCfg = Release|Any CPU
		{B41A3858-7E66-4755-9F50-94EA021155B6}.x86 Release|Any CPU.Build.0 = Release|Any CPU
		{B41A3858-7E66-4755-9F50-94EA021155B6}.x86 Release|x64.ActiveCfg = Release|Any CPU
		{B41A3858-7E66-4755-9F50-94EA021155B6}.x86 Release|x64.Build.0 = Release|Any CPU
		{B41A3858-7E66-4755-9F50-94EA021155B6}.x86 Release|x86.ActiveCfg = Release|Any CPU
		{B41A3858-7E66-4755-9F50-94EA021155B6}.x86 Release|x86.Build.0 = Release|Any CPU
		{1A58BA31-C9E1-4D18-876E-EC73799E7A9F}.Debug(x64)|Any CPU.ActiveCfg = Debug|Any CPU
		{1A58BA31-C9E1-4D18-876E-EC73799E7A9F}.Debug(x64)|Any CPU.Build.0 = Debug|Any CPU
		{1A58BA31-C9E1-4D18-876E-EC73799E7A9F}.Debug(x64)|x64.ActiveCfg = Debug|Any CPU
		{1A58BA31-C9E1-4D18-876E-EC73799E7A9F}.Debug(x64)|x64.Build.0 = Debug|Any CPU
		{1A58BA31-C9E1-4D18-876E-EC73799E7A9F}.Debug(x64)|x86.ActiveCfg = Debug|Any CPU
		{1A58BA31-C9E1-4D18-876E-EC73799E7A9F}.Debug(x64)|x86.Build.0 = Debug|Any CPU
		{1A58BA31-C9E1-4D18-876E-EC73799E7A9F}.Debug|Any CPU.ActiveCfg = Debug|Any CPU
		{1A58BA31-C9E1-4D18-876E-EC73799E7A9F}.Debug|Any CPU.Build.0 = Debug|Any CPU
		{1A58BA31-C9E1-4D18-876E-EC73799E7A9F}.Debug|x64.ActiveCfg = Debug|Any CPU
		{1A58BA31-C9E1-4D18-876E-EC73799E7A9F}.Debug|x64.Build.0 = Debug|Any CPU
		{1A58BA31-C9E1-4D18-876E-EC73799E7A9F}.Debug|x86.ActiveCfg = Debug|Any CPU
		{1A58BA31-C9E1-4D18-876E-EC73799E7A9F}.Debug|x86.Build.0 = Debug|Any CPU
		{1A58BA31-C9E1-4D18-876E-EC73799E7A9F}.Release|Any CPU.ActiveCfg = Release|Any CPU
		{1A58BA31-C9E1-4D18-876E-EC73799E7A9F}.Release|Any CPU.Build.0 = Release|Any CPU
		{1A58BA31-C9E1-4D18-876E-EC73799E7A9F}.Release|x64.ActiveCfg = Release|Any CPU
		{1A58BA31-C9E1-4D18-876E-EC73799E7A9F}.Release|x64.Build.0 = Release|Any CPU
		{1A58BA31-C9E1-4D18-876E-EC73799E7A9F}.Release|x86.ActiveCfg = Release|Any CPU
		{1A58BA31-C9E1-4D18-876E-EC73799E7A9F}.Release|x86.Build.0 = Release|Any CPU
		{1A58BA31-C9E1-4D18-876E-EC73799E7A9F}.Signed|Any CPU.ActiveCfg = Release|Any CPU
		{1A58BA31-C9E1-4D18-876E-EC73799E7A9F}.Signed|Any CPU.Build.0 = Release|Any CPU
		{1A58BA31-C9E1-4D18-876E-EC73799E7A9F}.Signed|x64.ActiveCfg = Release|Any CPU
		{1A58BA31-C9E1-4D18-876E-EC73799E7A9F}.Signed|x64.Build.0 = Release|Any CPU
		{1A58BA31-C9E1-4D18-876E-EC73799E7A9F}.Signed|x86.ActiveCfg = Release|Any CPU
		{1A58BA31-C9E1-4D18-876E-EC73799E7A9F}.Signed|x86.Build.0 = Release|Any CPU
		{1A58BA31-C9E1-4D18-876E-EC73799E7A9F}.x64 Debug|Any CPU.ActiveCfg = Debug|Any CPU
		{1A58BA31-C9E1-4D18-876E-EC73799E7A9F}.x64 Debug|Any CPU.Build.0 = Debug|Any CPU
		{1A58BA31-C9E1-4D18-876E-EC73799E7A9F}.x64 Debug|x64.ActiveCfg = Debug|Any CPU
		{1A58BA31-C9E1-4D18-876E-EC73799E7A9F}.x64 Debug|x64.Build.0 = Debug|Any CPU
		{1A58BA31-C9E1-4D18-876E-EC73799E7A9F}.x64 Debug|x86.ActiveCfg = Debug|Any CPU
		{1A58BA31-C9E1-4D18-876E-EC73799E7A9F}.x64 Debug|x86.Build.0 = Debug|Any CPU
		{1A58BA31-C9E1-4D18-876E-EC73799E7A9F}.x64 Release|Any CPU.ActiveCfg = Release|Any CPU
		{1A58BA31-C9E1-4D18-876E-EC73799E7A9F}.x64 Release|Any CPU.Build.0 = Release|Any CPU
		{1A58BA31-C9E1-4D18-876E-EC73799E7A9F}.x64 Release|x64.ActiveCfg = Release|Any CPU
		{1A58BA31-C9E1-4D18-876E-EC73799E7A9F}.x64 Release|x64.Build.0 = Release|Any CPU
		{1A58BA31-C9E1-4D18-876E-EC73799E7A9F}.x64 Release|x86.ActiveCfg = Release|Any CPU
		{1A58BA31-C9E1-4D18-876E-EC73799E7A9F}.x64 Release|x86.Build.0 = Release|Any CPU
		{1A58BA31-C9E1-4D18-876E-EC73799E7A9F}.x86 Debug|Any CPU.ActiveCfg = Debug|Any CPU
		{1A58BA31-C9E1-4D18-876E-EC73799E7A9F}.x86 Debug|Any CPU.Build.0 = Debug|Any CPU
		{1A58BA31-C9E1-4D18-876E-EC73799E7A9F}.x86 Debug|x64.ActiveCfg = Debug|Any CPU
		{1A58BA31-C9E1-4D18-876E-EC73799E7A9F}.x86 Debug|x64.Build.0 = Debug|Any CPU
		{1A58BA31-C9E1-4D18-876E-EC73799E7A9F}.x86 Debug|x86.ActiveCfg = Debug|Any CPU
		{1A58BA31-C9E1-4D18-876E-EC73799E7A9F}.x86 Debug|x86.Build.0 = Debug|Any CPU
		{1A58BA31-C9E1-4D18-876E-EC73799E7A9F}.x86 Release|Any CPU.ActiveCfg = Release|Any CPU
		{1A58BA31-C9E1-4D18-876E-EC73799E7A9F}.x86 Release|Any CPU.Build.0 = Release|Any CPU
		{1A58BA31-C9E1-4D18-876E-EC73799E7A9F}.x86 Release|x64.ActiveCfg = Release|Any CPU
		{1A58BA31-C9E1-4D18-876E-EC73799E7A9F}.x86 Release|x64.Build.0 = Release|Any CPU
		{1A58BA31-C9E1-4D18-876E-EC73799E7A9F}.x86 Release|x86.ActiveCfg = Release|Any CPU
		{1A58BA31-C9E1-4D18-876E-EC73799E7A9F}.x86 Release|x86.Build.0 = Release|Any CPU
		{CF5496F8-002B-408F-9B3D-67C88F610283}.Debug(x64)|Any CPU.ActiveCfg = Debug|Any CPU
		{CF5496F8-002B-408F-9B3D-67C88F610283}.Debug(x64)|Any CPU.Build.0 = Debug|Any CPU
		{CF5496F8-002B-408F-9B3D-67C88F610283}.Debug(x64)|x64.ActiveCfg = Debug|Any CPU
		{CF5496F8-002B-408F-9B3D-67C88F610283}.Debug(x64)|x64.Build.0 = Debug|Any CPU
		{CF5496F8-002B-408F-9B3D-67C88F610283}.Debug(x64)|x86.ActiveCfg = Debug|Any CPU
		{CF5496F8-002B-408F-9B3D-67C88F610283}.Debug(x64)|x86.Build.0 = Debug|Any CPU
		{CF5496F8-002B-408F-9B3D-67C88F610283}.Debug|Any CPU.ActiveCfg = Debug|Any CPU
		{CF5496F8-002B-408F-9B3D-67C88F610283}.Debug|Any CPU.Build.0 = Debug|Any CPU
		{CF5496F8-002B-408F-9B3D-67C88F610283}.Debug|x64.ActiveCfg = Debug|Any CPU
		{CF5496F8-002B-408F-9B3D-67C88F610283}.Debug|x64.Build.0 = Debug|Any CPU
		{CF5496F8-002B-408F-9B3D-67C88F610283}.Debug|x86.ActiveCfg = Debug|Any CPU
		{CF5496F8-002B-408F-9B3D-67C88F610283}.Debug|x86.Build.0 = Debug|Any CPU
		{CF5496F8-002B-408F-9B3D-67C88F610283}.Release|Any CPU.ActiveCfg = Release|Any CPU
		{CF5496F8-002B-408F-9B3D-67C88F610283}.Release|Any CPU.Build.0 = Release|Any CPU
		{CF5496F8-002B-408F-9B3D-67C88F610283}.Release|x64.ActiveCfg = Release|Any CPU
		{CF5496F8-002B-408F-9B3D-67C88F610283}.Release|x64.Build.0 = Release|Any CPU
		{CF5496F8-002B-408F-9B3D-67C88F610283}.Release|x86.ActiveCfg = Release|Any CPU
		{CF5496F8-002B-408F-9B3D-67C88F610283}.Release|x86.Build.0 = Release|Any CPU
		{CF5496F8-002B-408F-9B3D-67C88F610283}.Signed|Any CPU.ActiveCfg = Release|Any CPU
		{CF5496F8-002B-408F-9B3D-67C88F610283}.Signed|Any CPU.Build.0 = Release|Any CPU
		{CF5496F8-002B-408F-9B3D-67C88F610283}.Signed|x64.ActiveCfg = Release|Any CPU
		{CF5496F8-002B-408F-9B3D-67C88F610283}.Signed|x64.Build.0 = Release|Any CPU
		{CF5496F8-002B-408F-9B3D-67C88F610283}.Signed|x86.ActiveCfg = Release|Any CPU
		{CF5496F8-002B-408F-9B3D-67C88F610283}.Signed|x86.Build.0 = Release|Any CPU
		{CF5496F8-002B-408F-9B3D-67C88F610283}.x64 Debug|Any CPU.ActiveCfg = Debug|Any CPU
		{CF5496F8-002B-408F-9B3D-67C88F610283}.x64 Debug|Any CPU.Build.0 = Debug|Any CPU
		{CF5496F8-002B-408F-9B3D-67C88F610283}.x64 Debug|x64.ActiveCfg = Debug|Any CPU
		{CF5496F8-002B-408F-9B3D-67C88F610283}.x64 Debug|x64.Build.0 = Debug|Any CPU
		{CF5496F8-002B-408F-9B3D-67C88F610283}.x64 Debug|x86.ActiveCfg = Debug|Any CPU
		{CF5496F8-002B-408F-9B3D-67C88F610283}.x64 Debug|x86.Build.0 = Debug|Any CPU
		{CF5496F8-002B-408F-9B3D-67C88F610283}.x64 Release|Any CPU.ActiveCfg = Release|Any CPU
		{CF5496F8-002B-408F-9B3D-67C88F610283}.x64 Release|Any CPU.Build.0 = Release|Any CPU
		{CF5496F8-002B-408F-9B3D-67C88F610283}.x64 Release|x64.ActiveCfg = Release|Any CPU
		{CF5496F8-002B-408F-9B3D-67C88F610283}.x64 Release|x64.Build.0 = Release|Any CPU
		{CF5496F8-002B-408F-9B3D-67C88F610283}.x64 Release|x86.ActiveCfg = Release|Any CPU
		{CF5496F8-002B-408F-9B3D-67C88F610283}.x64 Release|x86.Build.0 = Release|Any CPU
		{CF5496F8-002B-408F-9B3D-67C88F610283}.x86 Debug|Any CPU.ActiveCfg = Debug|Any CPU
		{CF5496F8-002B-408F-9B3D-67C88F610283}.x86 Debug|Any CPU.Build.0 = Debug|Any CPU
		{CF5496F8-002B-408F-9B3D-67C88F610283}.x86 Debug|x64.ActiveCfg = Debug|Any CPU
		{CF5496F8-002B-408F-9B3D-67C88F610283}.x86 Debug|x64.Build.0 = Debug|Any CPU
		{CF5496F8-002B-408F-9B3D-67C88F610283}.x86 Debug|x86.ActiveCfg = Debug|Any CPU
		{CF5496F8-002B-408F-9B3D-67C88F610283}.x86 Debug|x86.Build.0 = Debug|Any CPU
		{CF5496F8-002B-408F-9B3D-67C88F610283}.x86 Release|Any CPU.ActiveCfg = Release|Any CPU
		{CF5496F8-002B-408F-9B3D-67C88F610283}.x86 Release|Any CPU.Build.0 = Release|Any CPU
		{CF5496F8-002B-408F-9B3D-67C88F610283}.x86 Release|x64.ActiveCfg = Release|Any CPU
		{CF5496F8-002B-408F-9B3D-67C88F610283}.x86 Release|x64.Build.0 = Release|Any CPU
		{CF5496F8-002B-408F-9B3D-67C88F610283}.x86 Release|x86.ActiveCfg = Release|Any CPU
		{CF5496F8-002B-408F-9B3D-67C88F610283}.x86 Release|x86.Build.0 = Release|Any CPU
		{AAE1BACD-FE6B-4CC6-AD2D-073315F45EAF}.Debug(x64)|Any CPU.ActiveCfg = Debug|Any CPU
		{AAE1BACD-FE6B-4CC6-AD2D-073315F45EAF}.Debug(x64)|Any CPU.Build.0 = Debug|Any CPU
		{AAE1BACD-FE6B-4CC6-AD2D-073315F45EAF}.Debug(x64)|x64.ActiveCfg = Debug|Any CPU
		{AAE1BACD-FE6B-4CC6-AD2D-073315F45EAF}.Debug(x64)|x64.Build.0 = Debug|Any CPU
		{AAE1BACD-FE6B-4CC6-AD2D-073315F45EAF}.Debug(x64)|x86.ActiveCfg = Debug|Any CPU
		{AAE1BACD-FE6B-4CC6-AD2D-073315F45EAF}.Debug(x64)|x86.Build.0 = Debug|Any CPU
		{AAE1BACD-FE6B-4CC6-AD2D-073315F45EAF}.Debug|Any CPU.ActiveCfg = Debug|Any CPU
		{AAE1BACD-FE6B-4CC6-AD2D-073315F45EAF}.Debug|Any CPU.Build.0 = Debug|Any CPU
		{AAE1BACD-FE6B-4CC6-AD2D-073315F45EAF}.Debug|x64.ActiveCfg = Debug|Any CPU
		{AAE1BACD-FE6B-4CC6-AD2D-073315F45EAF}.Debug|x64.Build.0 = Debug|Any CPU
		{AAE1BACD-FE6B-4CC6-AD2D-073315F45EAF}.Debug|x86.ActiveCfg = Debug|Any CPU
		{AAE1BACD-FE6B-4CC6-AD2D-073315F45EAF}.Debug|x86.Build.0 = Debug|Any CPU
		{AAE1BACD-FE6B-4CC6-AD2D-073315F45EAF}.Release|Any CPU.ActiveCfg = Release|Any CPU
		{AAE1BACD-FE6B-4CC6-AD2D-073315F45EAF}.Release|Any CPU.Build.0 = Release|Any CPU
		{AAE1BACD-FE6B-4CC6-AD2D-073315F45EAF}.Release|x64.ActiveCfg = Release|Any CPU
		{AAE1BACD-FE6B-4CC6-AD2D-073315F45EAF}.Release|x64.Build.0 = Release|Any CPU
		{AAE1BACD-FE6B-4CC6-AD2D-073315F45EAF}.Release|x86.ActiveCfg = Release|Any CPU
		{AAE1BACD-FE6B-4CC6-AD2D-073315F45EAF}.Release|x86.Build.0 = Release|Any CPU
		{AAE1BACD-FE6B-4CC6-AD2D-073315F45EAF}.Signed|Any CPU.ActiveCfg = Release|Any CPU
		{AAE1BACD-FE6B-4CC6-AD2D-073315F45EAF}.Signed|Any CPU.Build.0 = Release|Any CPU
		{AAE1BACD-FE6B-4CC6-AD2D-073315F45EAF}.Signed|x64.ActiveCfg = Release|Any CPU
		{AAE1BACD-FE6B-4CC6-AD2D-073315F45EAF}.Signed|x64.Build.0 = Release|Any CPU
		{AAE1BACD-FE6B-4CC6-AD2D-073315F45EAF}.Signed|x86.ActiveCfg = Release|Any CPU
		{AAE1BACD-FE6B-4CC6-AD2D-073315F45EAF}.Signed|x86.Build.0 = Release|Any CPU
		{AAE1BACD-FE6B-4CC6-AD2D-073315F45EAF}.x64 Debug|Any CPU.ActiveCfg = Debug|Any CPU
		{AAE1BACD-FE6B-4CC6-AD2D-073315F45EAF}.x64 Debug|Any CPU.Build.0 = Debug|Any CPU
		{AAE1BACD-FE6B-4CC6-AD2D-073315F45EAF}.x64 Debug|x64.ActiveCfg = Debug|Any CPU
		{AAE1BACD-FE6B-4CC6-AD2D-073315F45EAF}.x64 Debug|x64.Build.0 = Debug|Any CPU
		{AAE1BACD-FE6B-4CC6-AD2D-073315F45EAF}.x64 Debug|x86.ActiveCfg = Debug|Any CPU
		{AAE1BACD-FE6B-4CC6-AD2D-073315F45EAF}.x64 Debug|x86.Build.0 = Debug|Any CPU
		{AAE1BACD-FE6B-4CC6-AD2D-073315F45EAF}.x64 Release|Any CPU.ActiveCfg = Release|Any CPU
		{AAE1BACD-FE6B-4CC6-AD2D-073315F45EAF}.x64 Release|Any CPU.Build.0 = Release|Any CPU
		{AAE1BACD-FE6B-4CC6-AD2D-073315F45EAF}.x64 Release|x64.ActiveCfg = Release|Any CPU
		{AAE1BACD-FE6B-4CC6-AD2D-073315F45EAF}.x64 Release|x64.Build.0 = Release|Any CPU
		{AAE1BACD-FE6B-4CC6-AD2D-073315F45EAF}.x64 Release|x86.ActiveCfg = Release|Any CPU
		{AAE1BACD-FE6B-4CC6-AD2D-073315F45EAF}.x64 Release|x86.Build.0 = Release|Any CPU
		{AAE1BACD-FE6B-4CC6-AD2D-073315F45EAF}.x86 Debug|Any CPU.ActiveCfg = Debug|Any CPU
		{AAE1BACD-FE6B-4CC6-AD2D-073315F45EAF}.x86 Debug|Any CPU.Build.0 = Debug|Any CPU
		{AAE1BACD-FE6B-4CC6-AD2D-073315F45EAF}.x86 Debug|x64.ActiveCfg = Debug|Any CPU
		{AAE1BACD-FE6B-4CC6-AD2D-073315F45EAF}.x86 Debug|x64.Build.0 = Debug|Any CPU
		{AAE1BACD-FE6B-4CC6-AD2D-073315F45EAF}.x86 Debug|x86.ActiveCfg = Debug|Any CPU
		{AAE1BACD-FE6B-4CC6-AD2D-073315F45EAF}.x86 Debug|x86.Build.0 = Debug|Any CPU
		{AAE1BACD-FE6B-4CC6-AD2D-073315F45EAF}.x86 Release|Any CPU.ActiveCfg = Release|Any CPU
		{AAE1BACD-FE6B-4CC6-AD2D-073315F45EAF}.x86 Release|Any CPU.Build.0 = Release|Any CPU
		{AAE1BACD-FE6B-4CC6-AD2D-073315F45EAF}.x86 Release|x64.ActiveCfg = Release|Any CPU
		{AAE1BACD-FE6B-4CC6-AD2D-073315F45EAF}.x86 Release|x64.Build.0 = Release|Any CPU
		{AAE1BACD-FE6B-4CC6-AD2D-073315F45EAF}.x86 Release|x86.ActiveCfg = Release|Any CPU
		{AAE1BACD-FE6B-4CC6-AD2D-073315F45EAF}.x86 Release|x86.Build.0 = Release|Any CPU
		{E089DB56-F8D4-434E-A9A8-C7EFCC3278D8}.Debug(x64)|Any CPU.ActiveCfg = Debug|Any CPU
		{E089DB56-F8D4-434E-A9A8-C7EFCC3278D8}.Debug(x64)|Any CPU.Build.0 = Debug|Any CPU
		{E089DB56-F8D4-434E-A9A8-C7EFCC3278D8}.Debug(x64)|x64.ActiveCfg = Debug|Any CPU
		{E089DB56-F8D4-434E-A9A8-C7EFCC3278D8}.Debug(x64)|x64.Build.0 = Debug|Any CPU
		{E089DB56-F8D4-434E-A9A8-C7EFCC3278D8}.Debug(x64)|x86.ActiveCfg = Debug|Any CPU
		{E089DB56-F8D4-434E-A9A8-C7EFCC3278D8}.Debug(x64)|x86.Build.0 = Debug|Any CPU
		{E089DB56-F8D4-434E-A9A8-C7EFCC3278D8}.Debug|Any CPU.ActiveCfg = Debug|Any CPU
		{E089DB56-F8D4-434E-A9A8-C7EFCC3278D8}.Debug|Any CPU.Build.0 = Debug|Any CPU
		{E089DB56-F8D4-434E-A9A8-C7EFCC3278D8}.Debug|x64.ActiveCfg = Debug|Any CPU
		{E089DB56-F8D4-434E-A9A8-C7EFCC3278D8}.Debug|x64.Build.0 = Debug|Any CPU
		{E089DB56-F8D4-434E-A9A8-C7EFCC3278D8}.Debug|x86.ActiveCfg = Debug|Any CPU
		{E089DB56-F8D4-434E-A9A8-C7EFCC3278D8}.Debug|x86.Build.0 = Debug|Any CPU
		{E089DB56-F8D4-434E-A9A8-C7EFCC3278D8}.Release|Any CPU.ActiveCfg = Release|Any CPU
		{E089DB56-F8D4-434E-A9A8-C7EFCC3278D8}.Release|Any CPU.Build.0 = Release|Any CPU
		{E089DB56-F8D4-434E-A9A8-C7EFCC3278D8}.Release|x64.ActiveCfg = Release|Any CPU
		{E089DB56-F8D4-434E-A9A8-C7EFCC3278D8}.Release|x64.Build.0 = Release|Any CPU
		{E089DB56-F8D4-434E-A9A8-C7EFCC3278D8}.Release|x86.ActiveCfg = Release|Any CPU
		{E089DB56-F8D4-434E-A9A8-C7EFCC3278D8}.Release|x86.Build.0 = Release|Any CPU
		{E089DB56-F8D4-434E-A9A8-C7EFCC3278D8}.Signed|Any CPU.ActiveCfg = Release|Any CPU
		{E089DB56-F8D4-434E-A9A8-C7EFCC3278D8}.Signed|Any CPU.Build.0 = Release|Any CPU
		{E089DB56-F8D4-434E-A9A8-C7EFCC3278D8}.Signed|x64.ActiveCfg = Release|Any CPU
		{E089DB56-F8D4-434E-A9A8-C7EFCC3278D8}.Signed|x64.Build.0 = Release|Any CPU
		{E089DB56-F8D4-434E-A9A8-C7EFCC3278D8}.Signed|x86.ActiveCfg = Release|Any CPU
		{E089DB56-F8D4-434E-A9A8-C7EFCC3278D8}.Signed|x86.Build.0 = Release|Any CPU
		{E089DB56-F8D4-434E-A9A8-C7EFCC3278D8}.x64 Debug|Any CPU.ActiveCfg = Debug|Any CPU
		{E089DB56-F8D4-434E-A9A8-C7EFCC3278D8}.x64 Debug|Any CPU.Build.0 = Debug|Any CPU
		{E089DB56-F8D4-434E-A9A8-C7EFCC3278D8}.x64 Debug|x64.ActiveCfg = Debug|Any CPU
		{E089DB56-F8D4-434E-A9A8-C7EFCC3278D8}.x64 Debug|x64.Build.0 = Debug|Any CPU
		{E089DB56-F8D4-434E-A9A8-C7EFCC3278D8}.x64 Debug|x86.ActiveCfg = Debug|Any CPU
		{E089DB56-F8D4-434E-A9A8-C7EFCC3278D8}.x64 Debug|x86.Build.0 = Debug|Any CPU
		{E089DB56-F8D4-434E-A9A8-C7EFCC3278D8}.x64 Release|Any CPU.ActiveCfg = Release|Any CPU
		{E089DB56-F8D4-434E-A9A8-C7EFCC3278D8}.x64 Release|Any CPU.Build.0 = Release|Any CPU
		{E089DB56-F8D4-434E-A9A8-C7EFCC3278D8}.x64 Release|x64.ActiveCfg = Release|Any CPU
		{E089DB56-F8D4-434E-A9A8-C7EFCC3278D8}.x64 Release|x64.Build.0 = Release|Any CPU
		{E089DB56-F8D4-434E-A9A8-C7EFCC3278D8}.x64 Release|x86.ActiveCfg = Release|Any CPU
		{E089DB56-F8D4-434E-A9A8-C7EFCC3278D8}.x64 Release|x86.Build.0 = Release|Any CPU
		{E089DB56-F8D4-434E-A9A8-C7EFCC3278D8}.x86 Debug|Any CPU.ActiveCfg = Debug|Any CPU
		{E089DB56-F8D4-434E-A9A8-C7EFCC3278D8}.x86 Debug|Any CPU.Build.0 = Debug|Any CPU
		{E089DB56-F8D4-434E-A9A8-C7EFCC3278D8}.x86 Debug|x64.ActiveCfg = Debug|Any CPU
		{E089DB56-F8D4-434E-A9A8-C7EFCC3278D8}.x86 Debug|x64.Build.0 = Debug|Any CPU
		{E089DB56-F8D4-434E-A9A8-C7EFCC3278D8}.x86 Debug|x86.ActiveCfg = Debug|Any CPU
		{E089DB56-F8D4-434E-A9A8-C7EFCC3278D8}.x86 Debug|x86.Build.0 = Debug|Any CPU
		{E089DB56-F8D4-434E-A9A8-C7EFCC3278D8}.x86 Release|Any CPU.ActiveCfg = Release|Any CPU
		{E089DB56-F8D4-434E-A9A8-C7EFCC3278D8}.x86 Release|Any CPU.Build.0 = Release|Any CPU
		{E089DB56-F8D4-434E-A9A8-C7EFCC3278D8}.x86 Release|x64.ActiveCfg = Release|Any CPU
		{E089DB56-F8D4-434E-A9A8-C7EFCC3278D8}.x86 Release|x64.Build.0 = Release|Any CPU
		{E089DB56-F8D4-434E-A9A8-C7EFCC3278D8}.x86 Release|x86.ActiveCfg = Release|Any CPU
		{E089DB56-F8D4-434E-A9A8-C7EFCC3278D8}.x86 Release|x86.Build.0 = Release|Any CPU
		{DC86F30F-C2FC-4E23-9B33-68C6A150C2C6}.Debug(x64)|Any CPU.ActiveCfg = Debug|Any CPU
		{DC86F30F-C2FC-4E23-9B33-68C6A150C2C6}.Debug(x64)|Any CPU.Build.0 = Debug|Any CPU
		{DC86F30F-C2FC-4E23-9B33-68C6A150C2C6}.Debug(x64)|x64.ActiveCfg = Debug|Any CPU
		{DC86F30F-C2FC-4E23-9B33-68C6A150C2C6}.Debug(x64)|x64.Build.0 = Debug|Any CPU
		{DC86F30F-C2FC-4E23-9B33-68C6A150C2C6}.Debug(x64)|x86.ActiveCfg = Debug|Any CPU
		{DC86F30F-C2FC-4E23-9B33-68C6A150C2C6}.Debug(x64)|x86.Build.0 = Debug|Any CPU
		{DC86F30F-C2FC-4E23-9B33-68C6A150C2C6}.Debug|Any CPU.ActiveCfg = Debug|Any CPU
		{DC86F30F-C2FC-4E23-9B33-68C6A150C2C6}.Debug|Any CPU.Build.0 = Debug|Any CPU
		{DC86F30F-C2FC-4E23-9B33-68C6A150C2C6}.Debug|x64.ActiveCfg = Debug|Any CPU
		{DC86F30F-C2FC-4E23-9B33-68C6A150C2C6}.Debug|x64.Build.0 = Debug|Any CPU
		{DC86F30F-C2FC-4E23-9B33-68C6A150C2C6}.Debug|x86.ActiveCfg = Debug|Any CPU
		{DC86F30F-C2FC-4E23-9B33-68C6A150C2C6}.Debug|x86.Build.0 = Debug|Any CPU
		{DC86F30F-C2FC-4E23-9B33-68C6A150C2C6}.Release|Any CPU.ActiveCfg = Release|Any CPU
		{DC86F30F-C2FC-4E23-9B33-68C6A150C2C6}.Release|Any CPU.Build.0 = Release|Any CPU
		{DC86F30F-C2FC-4E23-9B33-68C6A150C2C6}.Release|x64.ActiveCfg = Release|Any CPU
		{DC86F30F-C2FC-4E23-9B33-68C6A150C2C6}.Release|x64.Build.0 = Release|Any CPU
		{DC86F30F-C2FC-4E23-9B33-68C6A150C2C6}.Release|x86.ActiveCfg = Release|Any CPU
		{DC86F30F-C2FC-4E23-9B33-68C6A150C2C6}.Release|x86.Build.0 = Release|Any CPU
		{DC86F30F-C2FC-4E23-9B33-68C6A150C2C6}.Signed|Any CPU.ActiveCfg = Release|Any CPU
		{DC86F30F-C2FC-4E23-9B33-68C6A150C2C6}.Signed|Any CPU.Build.0 = Release|Any CPU
		{DC86F30F-C2FC-4E23-9B33-68C6A150C2C6}.Signed|x64.ActiveCfg = Release|Any CPU
		{DC86F30F-C2FC-4E23-9B33-68C6A150C2C6}.Signed|x64.Build.0 = Release|Any CPU
		{DC86F30F-C2FC-4E23-9B33-68C6A150C2C6}.Signed|x86.ActiveCfg = Release|Any CPU
		{DC86F30F-C2FC-4E23-9B33-68C6A150C2C6}.Signed|x86.Build.0 = Release|Any CPU
		{DC86F30F-C2FC-4E23-9B33-68C6A150C2C6}.x64 Debug|Any CPU.ActiveCfg = Debug|Any CPU
		{DC86F30F-C2FC-4E23-9B33-68C6A150C2C6}.x64 Debug|Any CPU.Build.0 = Debug|Any CPU
		{DC86F30F-C2FC-4E23-9B33-68C6A150C2C6}.x64 Debug|x64.ActiveCfg = Debug|Any CPU
		{DC86F30F-C2FC-4E23-9B33-68C6A150C2C6}.x64 Debug|x64.Build.0 = Debug|Any CPU
		{DC86F30F-C2FC-4E23-9B33-68C6A150C2C6}.x64 Debug|x86.ActiveCfg = Debug|Any CPU
		{DC86F30F-C2FC-4E23-9B33-68C6A150C2C6}.x64 Debug|x86.Build.0 = Debug|Any CPU
		{DC86F30F-C2FC-4E23-9B33-68C6A150C2C6}.x64 Release|Any CPU.ActiveCfg = Release|Any CPU
		{DC86F30F-C2FC-4E23-9B33-68C6A150C2C6}.x64 Release|Any CPU.Build.0 = Release|Any CPU
		{DC86F30F-C2FC-4E23-9B33-68C6A150C2C6}.x64 Release|x64.ActiveCfg = Release|Any CPU
		{DC86F30F-C2FC-4E23-9B33-68C6A150C2C6}.x64 Release|x64.Build.0 = Release|Any CPU
		{DC86F30F-C2FC-4E23-9B33-68C6A150C2C6}.x64 Release|x86.ActiveCfg = Release|Any CPU
		{DC86F30F-C2FC-4E23-9B33-68C6A150C2C6}.x64 Release|x86.Build.0 = Release|Any CPU
		{DC86F30F-C2FC-4E23-9B33-68C6A150C2C6}.x86 Debug|Any CPU.ActiveCfg = Debug|Any CPU
		{DC86F30F-C2FC-4E23-9B33-68C6A150C2C6}.x86 Debug|Any CPU.Build.0 = Debug|Any CPU
		{DC86F30F-C2FC-4E23-9B33-68C6A150C2C6}.x86 Debug|x64.ActiveCfg = Debug|Any CPU
		{DC86F30F-C2FC-4E23-9B33-68C6A150C2C6}.x86 Debug|x64.Build.0 = Debug|Any CPU
		{DC86F30F-C2FC-4E23-9B33-68C6A150C2C6}.x86 Debug|x86.ActiveCfg = Debug|Any CPU
		{DC86F30F-C2FC-4E23-9B33-68C6A150C2C6}.x86 Debug|x86.Build.0 = Debug|Any CPU
		{DC86F30F-C2FC-4E23-9B33-68C6A150C2C6}.x86 Release|Any CPU.ActiveCfg = Release|Any CPU
		{DC86F30F-C2FC-4E23-9B33-68C6A150C2C6}.x86 Release|Any CPU.Build.0 = Release|Any CPU
		{DC86F30F-C2FC-4E23-9B33-68C6A150C2C6}.x86 Release|x64.ActiveCfg = Release|Any CPU
		{DC86F30F-C2FC-4E23-9B33-68C6A150C2C6}.x86 Release|x64.Build.0 = Release|Any CPU
		{DC86F30F-C2FC-4E23-9B33-68C6A150C2C6}.x86 Release|x86.ActiveCfg = Release|Any CPU
		{DC86F30F-C2FC-4E23-9B33-68C6A150C2C6}.x86 Release|x86.Build.0 = Release|Any CPU
		{2BA290F0-4E82-4B58-AAB4-3C431EE4DE62}.Debug(x64)|Any CPU.ActiveCfg = Debug|Any CPU
		{2BA290F0-4E82-4B58-AAB4-3C431EE4DE62}.Debug(x64)|Any CPU.Build.0 = Debug|Any CPU
		{2BA290F0-4E82-4B58-AAB4-3C431EE4DE62}.Debug(x64)|x64.ActiveCfg = Debug|Any CPU
		{2BA290F0-4E82-4B58-AAB4-3C431EE4DE62}.Debug(x64)|x64.Build.0 = Debug|Any CPU
		{2BA290F0-4E82-4B58-AAB4-3C431EE4DE62}.Debug(x64)|x86.ActiveCfg = Debug|Any CPU
		{2BA290F0-4E82-4B58-AAB4-3C431EE4DE62}.Debug(x64)|x86.Build.0 = Debug|Any CPU
		{2BA290F0-4E82-4B58-AAB4-3C431EE4DE62}.Debug|Any CPU.ActiveCfg = Debug|Any CPU
		{2BA290F0-4E82-4B58-AAB4-3C431EE4DE62}.Debug|Any CPU.Build.0 = Debug|Any CPU
		{2BA290F0-4E82-4B58-AAB4-3C431EE4DE62}.Debug|x64.ActiveCfg = Debug|Any CPU
		{2BA290F0-4E82-4B58-AAB4-3C431EE4DE62}.Debug|x64.Build.0 = Debug|Any CPU
		{2BA290F0-4E82-4B58-AAB4-3C431EE4DE62}.Debug|x86.ActiveCfg = Debug|Any CPU
		{2BA290F0-4E82-4B58-AAB4-3C431EE4DE62}.Debug|x86.Build.0 = Debug|Any CPU
		{2BA290F0-4E82-4B58-AAB4-3C431EE4DE62}.Release|Any CPU.ActiveCfg = Release|Any CPU
		{2BA290F0-4E82-4B58-AAB4-3C431EE4DE62}.Release|Any CPU.Build.0 = Release|Any CPU
		{2BA290F0-4E82-4B58-AAB4-3C431EE4DE62}.Release|x64.ActiveCfg = Release|Any CPU
		{2BA290F0-4E82-4B58-AAB4-3C431EE4DE62}.Release|x64.Build.0 = Release|Any CPU
		{2BA290F0-4E82-4B58-AAB4-3C431EE4DE62}.Release|x86.ActiveCfg = Release|Any CPU
		{2BA290F0-4E82-4B58-AAB4-3C431EE4DE62}.Release|x86.Build.0 = Release|Any CPU
		{2BA290F0-4E82-4B58-AAB4-3C431EE4DE62}.Signed|Any CPU.ActiveCfg = Release|Any CPU
		{2BA290F0-4E82-4B58-AAB4-3C431EE4DE62}.Signed|Any CPU.Build.0 = Release|Any CPU
		{2BA290F0-4E82-4B58-AAB4-3C431EE4DE62}.Signed|x64.ActiveCfg = Release|Any CPU
		{2BA290F0-4E82-4B58-AAB4-3C431EE4DE62}.Signed|x64.Build.0 = Release|Any CPU
		{2BA290F0-4E82-4B58-AAB4-3C431EE4DE62}.Signed|x86.ActiveCfg = Release|Any CPU
		{2BA290F0-4E82-4B58-AAB4-3C431EE4DE62}.Signed|x86.Build.0 = Release|Any CPU
		{2BA290F0-4E82-4B58-AAB4-3C431EE4DE62}.x64 Debug|Any CPU.ActiveCfg = Debug|Any CPU
		{2BA290F0-4E82-4B58-AAB4-3C431EE4DE62}.x64 Debug|Any CPU.Build.0 = Debug|Any CPU
		{2BA290F0-4E82-4B58-AAB4-3C431EE4DE62}.x64 Debug|x64.ActiveCfg = Debug|Any CPU
		{2BA290F0-4E82-4B58-AAB4-3C431EE4DE62}.x64 Debug|x64.Build.0 = Debug|Any CPU
		{2BA290F0-4E82-4B58-AAB4-3C431EE4DE62}.x64 Debug|x86.ActiveCfg = Debug|Any CPU
		{2BA290F0-4E82-4B58-AAB4-3C431EE4DE62}.x64 Debug|x86.Build.0 = Debug|Any CPU
		{2BA290F0-4E82-4B58-AAB4-3C431EE4DE62}.x64 Release|Any CPU.ActiveCfg = Release|Any CPU
		{2BA290F0-4E82-4B58-AAB4-3C431EE4DE62}.x64 Release|Any CPU.Build.0 = Release|Any CPU
		{2BA290F0-4E82-4B58-AAB4-3C431EE4DE62}.x64 Release|x64.ActiveCfg = Release|Any CPU
		{2BA290F0-4E82-4B58-AAB4-3C431EE4DE62}.x64 Release|x64.Build.0 = Release|Any CPU
		{2BA290F0-4E82-4B58-AAB4-3C431EE4DE62}.x64 Release|x86.ActiveCfg = Release|Any CPU
		{2BA290F0-4E82-4B58-AAB4-3C431EE4DE62}.x64 Release|x86.Build.0 = Release|Any CPU
		{2BA290F0-4E82-4B58-AAB4-3C431EE4DE62}.x86 Debug|Any CPU.ActiveCfg = Debug|Any CPU
		{2BA290F0-4E82-4B58-AAB4-3C431EE4DE62}.x86 Debug|Any CPU.Build.0 = Debug|Any CPU
		{2BA290F0-4E82-4B58-AAB4-3C431EE4DE62}.x86 Debug|x64.ActiveCfg = Debug|Any CPU
		{2BA290F0-4E82-4B58-AAB4-3C431EE4DE62}.x86 Debug|x64.Build.0 = Debug|Any CPU
		{2BA290F0-4E82-4B58-AAB4-3C431EE4DE62}.x86 Debug|x86.ActiveCfg = Debug|Any CPU
		{2BA290F0-4E82-4B58-AAB4-3C431EE4DE62}.x86 Debug|x86.Build.0 = Debug|Any CPU
		{2BA290F0-4E82-4B58-AAB4-3C431EE4DE62}.x86 Release|Any CPU.ActiveCfg = Release|Any CPU
		{2BA290F0-4E82-4B58-AAB4-3C431EE4DE62}.x86 Release|Any CPU.Build.0 = Release|Any CPU
		{2BA290F0-4E82-4B58-AAB4-3C431EE4DE62}.x86 Release|x64.ActiveCfg = Release|Any CPU
		{2BA290F0-4E82-4B58-AAB4-3C431EE4DE62}.x86 Release|x64.Build.0 = Release|Any CPU
		{2BA290F0-4E82-4B58-AAB4-3C431EE4DE62}.x86 Release|x86.ActiveCfg = Release|Any CPU
		{2BA290F0-4E82-4B58-AAB4-3C431EE4DE62}.x86 Release|x86.Build.0 = Release|Any CPU
	EndGlobalSection
	GlobalSection(SolutionProperties) = preSolution
		HideSolutionNode = FALSE
	EndGlobalSection
	GlobalSection(ExtensibilityGlobals) = postSolution
		SolutionGuid = {C550DB34-07C3-46E8-A14C-2C19F6789334}
	EndGlobalSection
EndGlobal
